
Microsoft Visual Studio Solution File, Format Version 12.00
# Visual Studio Version 16
VisualStudioVersion = 16.0.28902.138
MinimumVisualStudioVersion = 10.0.40219.1
Project("{FAE04EC0-301F-11D3-BF4B-00C04F79EFBC}") = "DICJ Ipsum", "DICJ Ipsum\DICJ Ipsum.csproj", "{2C04C5C8-E173-43BC-967F-26ABA456A831}"
EndProject
Global
	GlobalSection(SolutionConfigurationPlatforms) = preSolution
		Debug|Any CPU = Debug|Any CPU
		Release|Any CPU = Release|Any CPU
	EndGlobalSection
	GlobalSection(ProjectConfigurationPlatforms) = postSolution
		{2C04C5C8-E173-43BC-967F-26ABA456A831}.Debug|Any CPU.ActiveCfg = Debug|Any CPU
		{2C04C5C8-E173-43BC-967F-26ABA456A831}.Debug|Any CPU.Build.0 = Debug|Any CPU
		{2C04C5C8-E173-43BC-967F-26ABA456A831}.Release|Any CPU.ActiveCfg = Release|Any CPU
		{2C04C5C8-E173-43BC-967F-26ABA456A831}.Release|Any CPU.Build.0 = Release|Any CPU
	EndGlobalSection
	GlobalSection(SolutionProperties) = preSolution
		HideSolutionNode = FALSE
	EndGlobalSection
	GlobalSection(ExtensibilityGlobals) = postSolution
		SolutionGuid = {96EDCB5A-1D7E-4D2A-8515-5CB9EE75B323}
	EndGlobalSection
EndGlobal
